
Microsoft Visual Studio Solution File, Format Version 12.00
# Visual Studio 15
VisualStudioVersion = 15.0.27130.2010
MinimumVisualStudioVersion = 10.0.40219.1
Project("{8BC9CEB8-8B4A-11D0-8D11-00A0C91BC942}") = "IAD_A2", "IAD_A2\IAD_A2.vcxproj", "{FDF9BE0F-9FDF-4136-9735-451BD8B368BF}"
EndProject
Global
	GlobalSection(SolutionConfigurationPlatforms) = preSolution
		Debug|x64 = Debug|x64
		Debug|x86 = Debug|x86
		Release|x64 = Release|x64
		Release|x86 = Release|x86
	EndGlobalSection
	GlobalSection(ProjectConfigurationPlatforms) = postSolution
		{FDF9BE0F-9FDF-4136-9735-451BD8B368BF}.Debug|x64.ActiveCfg = Debug|x64
		{FDF9BE0F-9FDF-4136-9735-451BD8B368BF}.Debug|x64.Build.0 = Debug|x64
		{FDF9BE0F-9FDF-4136-9735-451BD8B368BF}.Debug|x86.ActiveCfg = Debug|Win32
		{FDF9BE0F-9FDF-4136-9735-451BD8B368BF}.Debug|x86.Build.0 = Debug|Win32
		{FDF9BE0F-9FDF-4136-9735-451BD8B368BF}.Release|x64.ActiveCfg = Release|x64
		{FDF9BE0F-9FDF-4136-9735-451BD8B368BF}.Release|x64.Build.0 = Release|x64
		{FDF9BE0F-9FDF-4136-9735-451BD8B368BF}.Release|x86.ActiveCfg = Release|Win32
		{FDF9BE0F-9FDF-4136-9735-451BD8B368BF}.Release|x86.Build.0 = Release|Win32
	EndGlobalSection
	GlobalSection(SolutionProperties) = preSolution
		HideSolutionNode = FALSE
	EndGlobalSection
	GlobalSection(ExtensibilityGlobals) = postSolution
		SolutionGuid = {74B49566-D5F8-4C53-8027-3F42AF2C1495}
	EndGlobalSection
EndGlobal
